
Microsoft Visual Studio Solution File, Format Version 12.00
# Visual Studio Version 16
VisualStudioVersion = 16.0.31702.278
MinimumVisualStudioVersion = 10.0.40219.1
Project("{D2ABAB84-BF74-430A-B69E-9DC6D40DDA17}") = "ssas", "ssas\ssas.dwproj", "{E083E5F6-249D-472B-88F0-19EC6367867E}"
EndProject
Global
	GlobalSection(SolutionConfigurationPlatforms) = preSolution
		Development|Default = Development|Default
	EndGlobalSection
	GlobalSection(ProjectConfigurationPlatforms) = postSolution
		{E083E5F6-249D-472B-88F0-19EC6367867E}.Development|Default.ActiveCfg = Development
		{E083E5F6-249D-472B-88F0-19EC6367867E}.Development|Default.Build.0 = Development
		{E083E5F6-249D-472B-88F0-19EC6367867E}.Development|Default.Deploy.0 = Development
	EndGlobalSection
	GlobalSection(SolutionProperties) = preSolution
		HideSolutionNode = FALSE
	EndGlobalSection
	GlobalSection(ExtensibilityGlobals) = postSolution
		SolutionGuid = {83ABB2CF-C9F7-4997-B144-9F0D25B91DAA}
	EndGlobalSection
EndGlobal
